PODS:
  - Differentiator (5.0.0)
  - RxCocoa (6.9.0):
    - RxRelay (= 6.9.0)
    - RxSwift (= 6.9.0)
  - RxDataSources (5.0.0):
    - Differentiator (~> 5.0)
    - RxCocoa (~> 6.0)
    - RxSwift (~> 6.0)
  - RxRelay (6.9.0):
    - RxSwift (= 6.9.0)
  - RxSwift (6.9.0)

DEPENDENCIES:
  - RxCocoa
  - RxDataSources (~> 5.0)
  - RxSwift

SPEC REPOS:
  trunk:
    - Differentiator
    - RxCocoa
    - RxDataSources
    - RxRelay
    - RxSwift

SPEC CHECKSUMS:
  Differentiator: e8497ceab83c1b10ca233716d547b9af21b9344d
  RxCocoa: ac16414696ae706516be3e1ab00fcce5bdc9be8a
  RxDataSources: aa47cc1ed6c500fa0dfecac5c979b723542d79cf
  RxRelay: 6b0c930e5cef57d5fe2032571e5e65b78e3cbdb1
  RxSwift: 31649ace6aceeb422e16ff71c60804f9c3281ed9

PODFILE CHECKSUM: b48121b85523a57da356c87afe6386f93e72827a

COCOAPODS: 1.16.2
