{
  "originHash" : "bac1433d018615e162c4e8c3d19fc1b0d42f8501c4e0f413409ba5c6f9db3896",
  "pins" : [
    {
      "identity" : "apphudsdk",
      "kind" : "remoteSourceControl",
      "location" : "https://github.com/apphud/ApphudSDK.git",
      "state" : {
        "revision" : "a4d2b93384cc67fa6a853465ff345be6f84b0a72",
        "version" : "3.6.2"
      }
    },
    {
      "identity" : "snapkit",
      "kind" : "remoteSourceControl",
      "location" : "https://github.com/SnapKit/SnapKit.git",
      "state" : {
        "revision" : "2842e6e84e82eb9a8dac0100ca90d9444b0307f4",
        "version" : "5.7.1"
      }
    },
    {
      "identity" : "swifthelper",
      "kind" : "remoteSourceControl",
      "location" : "https://github.com/Vladimir089/SwiftHelper.git",
      "state" : {
        "revision" : "9abe41f052556ce65f1d1735e6e6c5c4a9888468",
        "version" : "0.1.1"
      }
    }
  ],
  "version" : 3
}
