// !$*UTF8*$!
{
	archiveVersion = 1;
	classes = {
	};
	objectVersion = 77;
	objects = {

/* Begin PBXBuildFile section */
		8048A5C02E0D712800216B82 /* RxBlocking in Frameworks */ = {isa = PBXBuildFile; productRef = 8048A5BF2E0D712800216B82 /* RxBlocking */; };
		8048A5C52E0D712800216B82 /* RxCocoa in Frameworks */ = {isa = PBXBuildFile; productRef = 8048A5C42E0D712800216B82 /* RxCocoa */; };
		8048A5CA2E0D712800216B82 /* RxRelay in Frameworks */ = {isa = PBXBuildFile; productRef = 8048A5C92E0D712800216B82 /* RxRelay */; };
		8048A5CF2E0D712800216B82 /* RxSwift in Frameworks */ = {isa = PBXBuildFile; productRef = 8048A5CE2E0D712800216B82 /* RxSwift */; };
		8048A5DB2E0D719000216B82 /* Differentiator in Frameworks */ = {isa = PBXBuildFile; productRef = 8048A5DA2E0D719000216B82 /* Differentiator */; };
		8048A5DD2E0D719000216B82 /* RxDataSources in Frameworks */ = {isa = PBXBuildFile; productRef = 8048A5DC2E0D719000216B82 /* RxDataSources */; };
		8048A5DF2E0D719700216B82 /* Differentiator in Frameworks */ = {isa = PBXBuildFile; productRef = 8048A5DE2E0D719700216B82 /* Differentiator */; };
		8048A5E12E0D719700216B82 /* RxDataSources in Frameworks */ = {isa = PBXBuildFile; productRef = 8048A5E02E0D719700216B82 /* RxDataSources */; };
		8048A5E42E0D71F800216B82 /* GSPlayer in Frameworks */ = {isa = PBXBuildFile; productRef = 8048A5E32E0D71F800216B82 /* GSPlayer */; };
		8048A5E62E0D720000216B82 /* GSPlayer in Frameworks */ = {isa = PBXBuildFile; productRef = 8048A5E52E0D720000216B82 /* GSPlayer */; };
		80694A302E04D7A1004D83CF /* SwiftHelper in Frameworks */ = {isa = PBXBuildFile; productRef = 80694A2F2E04D7A1004D83CF /* SwiftHelper */; };
/* End PBXBuildFile section */

/* Begin PBXCopyFilesBuildPhase section */
		8048A5D82E0D712800216B82 /* Embed Frameworks */ = {
			isa = PBXCopyFilesBuildPhase;
			buildActionMask = 2147483647;
			dstPath = "";
			dstSubfolderSpec = 10;
			files = (
			);
			name = "Embed Frameworks";
			runOnlyForDeploymentPostprocessing = 0;
		};
/* End PBXCopyFilesBuildPhase section */

/* Begin PBXFileReference section */
		3F8FAF8604A91C99E9464A8A /* Pods-AI-Generator.release.xcconfig */ = {isa = PBXFileReference; includeInIndex = 1; lastKnownFileType = text.xcconfig; name = "Pods-AI-Generator.release.xcconfig"; path = "Target Support Files/Pods-AI-Generator/Pods-AI-Generator.release.xcconfig"; sourceTree = "<group>"; };
		73EECFDCE3DBFB0B104002FC /* Pods_AI_Generator.framework */ = {isa = PBXFileReference; explicitFileType = wrapper.framework; includeInIndex = 0; path = Pods_AI_Generator.framework; sourceTree = BUILT_PRODUCTS_DIR; };
		80472F0E2E0188410098B744 /* AI-Generator.app */ = {isa = PBXFileReference; explicitFileType = wrapper.application; includeInIndex = 0; path = "AI-Generator.app"; sourceTree = BUILT_PRODUCTS_DIR; };
		AAD76DD66F9C8800CFCFF106 /* Pods-AI-Generator.debug.xcconfig */ = {isa = PBXFileReference; includeInIndex = 1; lastKnownFileType = text.xcconfig; name = "Pods-AI-Generator.debug.xcconfig"; path = "Target Support Files/Pods-AI-Generator/Pods-AI-Generator.debug.xcconfig"; sourceTree = "<group>"; };
/* End PBXFileReference section */

/* Begin PBXFileSystemSynchronizedBuildFileExceptionSet section */
		80472F202E0188420098B744 /* Exceptions for "AI-Generator" folder in "AI-Generator" target */ = {
			isa = PBXFileSystemSynchronizedBuildFileExceptionSet;
			membershipExceptions = (
				Info.plist,
			);
			target = 80472F0D2E0188410098B744 /* AI-Generator */;
		};
/* End PBXFileSystemSynchronizedBuildFileExceptionSet section */

/* Begin PBXFileSystemSynchronizedRootGroup section */
		80472F102E0188410098B744 /* AI-Generator */ = {
			isa = PBXFileSystemSynchronizedRootGroup;
			exceptions = (
				80472F202E0188420098B744 /* Exceptions for "AI-Generator" folder in "AI-Generator" target */,
			);
			path = "AI-Generator";
			sourceTree = "<group>";
		};
/* End PBXFileSystemSynchronizedRootGroup section */

/* Begin PBXFrameworksBuildPhase section */
		80472F0B2E0188410098B744 /* Frameworks */ = {
			isa = PBXFrameworksBuildPhase;
			buildActionMask = 2147483647;
			files = (
				8048A5CF2E0D712800216B82 /* RxSwift in Frameworks */,
				8048A5DF2E0D719700216B82 /* Differentiator in Frameworks */,
				8048A5DB2E0D719000216B82 /* Differentiator in Frameworks */,
				80694A302E04D7A1004D83CF /* SwiftHelper in Frameworks */,
				8048A5E42E0D71F800216B82 /* GSPlayer in Frameworks */,
				8048A5E12E0D719700216B82 /* RxDataSources in Frameworks */,
				8048A5E62E0D720000216B82 /* GSPlayer in Frameworks */,
				8048A5C02E0D712800216B82 /* RxBlocking in Frameworks */,
				8048A5CA2E0D712800216B82 /* RxRelay in Frameworks */,
				8048A5C52E0D712800216B82 /* RxCocoa in Frameworks */,
				8048A5DD2E0D719000216B82 /* RxDataSources in Frameworks */,
			);
			runOnlyForDeploymentPostprocessing = 0;
		};
/* End PBXFrameworksBuildPhase section */

/* Begin PBXGroup section */
		1373C87981A5FF0ABDC8849D /* Pods */ = {
			isa = PBXGroup;
			children = (
				AAD76DD66F9C8800CFCFF106 /* Pods-AI-Generator.debug.xcconfig */,
				3F8FAF8604A91C99E9464A8A /* Pods-AI-Generator.release.xcconfig */,
			);
			path = Pods;
			sourceTree = "<group>";
		};
		7809FB1D40D5B3B1F99D406D /* Frameworks */ = {
			isa = PBXGroup;
			children = (
				73EECFDCE3DBFB0B104002FC /* Pods_AI_Generator.framework */,
			);
			name = Frameworks;
			sourceTree = "<group>";
		};
		80472F052E0188410098B744 = {
			isa = PBXGroup;
			children = (
				80472F102E0188410098B744 /* AI-Generator */,
				80472F0F2E0188410098B744 /* Products */,
				1373C87981A5FF0ABDC8849D /* Pods */,
				7809FB1D40D5B3B1F99D406D /* Frameworks */,
			);
			sourceTree = "<group>";
		};
		80472F0F2E0188410098B744 /* Products */ = {
			isa = PBXGroup;
			children = (
				80472F0E2E0188410098B744 /* AI-Generator.app */,
			);
			name = Products;
			sourceTree = "<group>";
		};
/* End PBXGroup section */

/* Begin PBXNativeTarget section */
		80472F0D2E0188410098B744 /* AI-Generator */ = {
			isa = PBXNativeTarget;
			buildConfigurationList = 80472F212E0188420098B744 /* Build configuration list for PBXNativeTarget "AI-Generator" */;
			buildPhases = (
				80472F0A2E0188410098B744 /* Sources */,
				80472F0B2E0188410098B744 /* Frameworks */,
				80472F0C2E0188410098B744 /* Resources */,
				8048A5D82E0D712800216B82 /* Embed Frameworks */,
			);
			buildRules = (
			);
			dependencies = (
			);
			fileSystemSynchronizedGroups = (
				80472F102E0188410098B744 /* AI-Generator */,
			);
			name = "AI-Generator";
			productName = "AI-Generator";
			productReference = 80472F0E2E0188410098B744 /* AI-Generator.app */;
			productType = "com.apple.product-type.application";
		};
/* End PBXNativeTarget section */

/* Begin PBXProject section */
		80472F062E0188410098B744 /* Project object */ = {
			isa = PBXProject;
			attributes = {
				BuildIndependentTargetsInParallel = 1;
				LastSwiftUpdateCheck = 1620;
				LastUpgradeCheck = 1620;
				TargetAttributes = {
					80472F0D2E0188410098B744 = {
						CreatedOnToolsVersion = 16.2;
					};
				};
			};
			buildConfigurationList = 80472F092E0188410098B744 /* Build configuration list for PBXProject "AI-Generator" */;
			developmentRegion = en;
			hasScannedForEncodings = 0;
			knownRegions = (
				en,
				Base,
			);
			mainGroup = 80472F052E0188410098B744;
			minimizedProjectReferenceProxies = 1;
			packageReferences = (
				80694A2E2E04D7A1004D83CF /* XCRemoteSwiftPackageReference "SwiftHelper" */,
				8048A5BE2E0D70B700216B82 /* XCRemoteSwiftPackageReference "RxSwift" */,
				8048A5D92E0D719000216B82 /* XCRemoteSwiftPackageReference "RxDataSources" */,
				8048A5E22E0D71F800216B82 /* XCRemoteSwiftPackageReference "GSPlayer" */,
			);
			preferredProjectObjectVersion = 77;
			productRefGroup = 80472F0F2E0188410098B744 /* Products */;
			projectDirPath = "";
			projectRoot = "";
			targets = (
				80472F0D2E0188410098B744 /* AI-Generator */,
			);
		};
/* End PBXProject section */

/* Begin PBXResourcesBuildPhase section */
		80472F0C2E0188410098B744 /* Resources */ = {
			isa = PBXResourcesBuildPhase;
			buildActionMask = 2147483647;
			files = (
			);
			runOnlyForDeploymentPostprocessing = 0;
		};
/* End PBXResourcesBuildPhase section */

/* Begin PBXSourcesBuildPhase section */
		80472F0A2E0188410098B744 /* Sources */ = {
			isa = PBXSourcesBuildPhase;
			buildActionMask = 2147483647;
			files = (
			);
			runOnlyForDeploymentPostprocessing = 0;
		};
/* End PBXSourcesBuildPhase section */

/* Begin XCBuildConfiguration section */
		80472F222E0188420098B744 /* Debug */ = {
			isa = XCBuildConfiguration;
			buildSettings = {
				ASSETCATALOG_COMPILER_APPICON_NAME = AppIcon;
				ASSETCATALOG_COMPILER_GLOBAL_ACCENT_COLOR_NAME = AccentColor;
				CODE_SIGN_STYLE = Automatic;
				CURRENT_PROJECT_VERSION = 1;
				ENABLE_USER_SCRIPT_SANDBOXING = "$(inherited) NO";
				GENERATE_INFOPLIST_FILE = YES;
				INFOPLIST_FILE = "AI-Generator/Info.plist";
				INFOPLIST_KEY_UIApplicationSupportsIndirectInputEvents = YES;
				INFOPLIST_KEY_UILaunchStoryboardName = LaunchScreen;
				INFOPLIST_KEY_UISupportedInterfaceOrientations_iPad = "UIInterfaceOrientationPortrait UIInterfaceOrientationPortraitUpsideDown UIInterfaceOrientationLandscapeLeft UIInterfaceOrientationLandscapeRight";
				INFOPLIST_KEY_UISupportedInterfaceOrientations_iPhone = "UIInterfaceOrientationPortrait UIInterfaceOrientationLandscapeLeft UIInterfaceOrientationLandscapeRight";
				IPHONEOS_DEPLOYMENT_TARGET = 18.0;
				LD_RUNPATH_SEARCH_PATHS = (
					"$(inherited)",
					"@executable_path/Frameworks",
				);
				MARKETING_VERSION = 1.0;
				PRODUCT_BUNDLE_IDENTIFIER = nikola.pixverse.bundle;
				PRODUCT_NAME = "$(TARGET_NAME)";
				SWIFT_EMIT_LOC_STRINGS = YES;
				SWIFT_VERSION = 5.0;
				TARGETED_DEVICE_FAMILY = "1,2";
			};
			name = Debug;
		};
		80472F232E0188420098B744 /* Release */ = {
			isa = XCBuildConfiguration;
			buildSettings = {
				ASSETCATALOG_COMPILER_APPICON_NAME = AppIcon;
				ASSETCATALOG_COMPILER_GLOBAL_ACCENT_COLOR_NAME = AccentColor;
				CODE_SIGN_STYLE = Automatic;
				CURRENT_PROJECT_VERSION = 1;
				ENABLE_USER_SCRIPT_SANDBOXING = "$(inherited) NO";
				GENERATE_INFOPLIST_FILE = YES;
				INFOPLIST_FILE = "AI-Generator/Info.plist";
				INFOPLIST_KEY_UIApplicationSupportsIndirectInputEvents = YES;
				INFOPLIST_KEY_UILaunchStoryboardName = LaunchScreen;
				INFOPLIST_KEY_UISupportedInterfaceOrientations_iPad = "UIInterfaceOrientationPortrait UIInterfaceOrientationPortraitUpsideDown UIInterfaceOrientationLandscapeLeft UIInterfaceOrientationLandscapeRight";
				INFOPLIST_KEY_UISupportedInterfaceOrientations_iPhone = "UIInterfaceOrientationPortrait UIInterfaceOrientationLandscapeLeft UIInterfaceOrientationLandscapeRight";
				IPHONEOS_DEPLOYMENT_TARGET = 18.0;
				LD_RUNPATH_SEARCH_PATHS = (
					"$(inherited)",
					"@executable_path/Frameworks",
				);
				MARKETING_VERSION = 1.0;
				PRODUCT_BUNDLE_IDENTIFIER = nikola.pixverse.bundle;
				PRODUCT_NAME = "$(TARGET_NAME)";
				SWIFT_EMIT_LOC_STRINGS = YES;
				SWIFT_VERSION = 5.0;
				TARGETED_DEVICE_FAMILY = "1,2";
			};
			name = Release;
		};
		80472F242E0188420098B744 /* Debug */ = {
			isa = XCBuildConfiguration;
			buildSettings = {
				ALWAYS_SEARCH_USER_PATHS = NO;
				ASSETCATALOG_COMPILER_GENERATE_SWIFT_ASSET_SYMBOL_EXTENSIONS = YES;
				CLANG_ANALYZER_NONNULL = YES;
				CLANG_ANALYZER_NUMBER_OBJECT_CONVERSION = YES_AGGRESSIVE;
				CLANG_CXX_LANGUAGE_STANDARD = "gnu++20";
				CLANG_ENABLE_MODULES = YES;
				CLANG_ENABLE_OBJC_ARC = YES;
				CLANG_ENABLE_OBJC_WEAK = YES;
				CLANG_WARN_BLOCK_CAPTURE_AUTORELEASING = YES;
				CLANG_WARN_BOOL_CONVERSION = YES;
				CLANG_WARN_COMMA = YES;
				CLANG_WARN_CONSTANT_CONVERSION = YES;
				CLANG_WARN_DEPRECATED_OBJC_IMPLEMENTATIONS = YES;
				CLANG_WARN_DIRECT_OBJC_ISA_USAGE = YES_ERROR;
				CLANG_WARN_DOCUMENTATION_COMMENTS = YES;
				CLANG_WARN_EMPTY_BODY = YES;
				CLANG_WARN_ENUM_CONVERSION = YES;
				CLANG_WARN_INFINITE_RECURSION = YES;
				CLANG_WARN_INT_CONVERSION = YES;
				CLANG_WARN_NON_LITERAL_NULL_CONVERSION = YES;
				CLANG_WARN_OBJC_IMPLICIT_RETAIN_SELF = YES;
				CLANG_WARN_OBJC_LITERAL_CONVERSION = YES;
				CLANG_WARN_OBJC_ROOT_CLASS = YES_ERROR;
				CLANG_WARN_QUOTED_INCLUDE_IN_FRAMEWORK_HEADER = YES;
				CLANG_WARN_RANGE_LOOP_ANALYSIS = YES;
				CLANG_WARN_STRICT_PROTOTYPES = YES;
				CLANG_WARN_SUSPICIOUS_MOVE = YES;
				CLANG_WARN_UNGUARDED_AVAILABILITY = YES_AGGRESSIVE;
				CLANG_WARN_UNREACHABLE_CODE = YES;
				CLANG_WARN__DUPLICATE_METHOD_MATCH = YES;
				COPY_PHASE_STRIP = NO;
				DEBUG_INFORMATION_FORMAT = dwarf;
				ENABLE_STRICT_OBJC_MSGSEND = YES;
				ENABLE_TESTABILITY = YES;
				ENABLE_USER_SCRIPT_SANDBOXING = YES;
				GCC_C_LANGUAGE_STANDARD = gnu17;
				GCC_DYNAMIC_NO_PIC = NO;
				GCC_NO_COMMON_BLOCKS = YES;
				GCC_OPTIMIZATION_LEVEL = 0;
				GCC_PREPROCESSOR_DEFINITIONS = (
					"DEBUG=1",
					"$(inherited)",
				);
				GCC_WARN_64_TO_32_BIT_CONVERSION = YES;
				GCC_WARN_ABOUT_RETURN_TYPE = YES_ERROR;
				GCC_WARN_UNDECLARED_SELECTOR = YES;
				GCC_WARN_UNINITIALIZED_AUTOS = YES_AGGRESSIVE;
				GCC_WARN_UNUSED_FUNCTION = YES;
				GCC_WARN_UNUSED_VARIABLE = YES;
				IPHONEOS_DEPLOYMENT_TARGET = 18.2;
				LOCALIZATION_PREFERS_STRING_CATALOGS = YES;
				MTL_ENABLE_DEBUG_INFO = INCLUDE_SOURCE;
				MTL_FAST_MATH = YES;
				ONLY_ACTIVE_ARCH = YES;
				SDKROOT = iphoneos;
				SWIFT_ACTIVE_COMPILATION_CONDITIONS = "DEBUG $(inherited)";
				SWIFT_OPTIMIZATION_LEVEL = "-Onone";
			};
			name = Debug;
		};
		80472F252E0188420098B744 /* Release */ = {
			isa = XCBuildConfiguration;
			buildSettings = {
				ALWAYS_SEARCH_USER_PATHS = NO;
				ASSETCATALOG_COMPILER_GENERATE_SWIFT_ASSET_SYMBOL_EXTENSIONS = YES;
				CLANG_ANALYZER_NONNULL = YES;
				CLANG_ANALYZER_NUMBER_OBJECT_CONVERSION = YES_AGGRESSIVE;
				CLANG_CXX_LANGUAGE_STANDARD = "gnu++20";
				CLANG_ENABLE_MODULES = YES;
				CLANG_ENABLE_OBJC_ARC = YES;
				CLANG_ENABLE_OBJC_WEAK = YES;
				CLANG_WARN_BLOCK_CAPTURE_AUTORELEASING = YES;
				CLANG_WARN_BOOL_CONVERSION = YES;
				CLANG_WARN_COMMA = YES;
				CLANG_WARN_CONSTANT_CONVERSION = YES;
				CLANG_WARN_DEPRECATED_OBJC_IMPLEMENTATIONS = YES;
				CLANG_WARN_DIRECT_OBJC_ISA_USAGE = YES_ERROR;
				CLANG_WARN_DOCUMENTATION_COMMENTS = YES;
				CLANG_WARN_EMPTY_BODY = YES;
				CLANG_WARN_ENUM_CONVERSION = YES;
				CLANG_WARN_INFINITE_RECURSION = YES;
				CLANG_WARN_INT_CONVERSION = YES;
				CLANG_WARN_NON_LITERAL_NULL_CONVERSION = YES;
				CLANG_WARN_OBJC_IMPLICIT_RETAIN_SELF = YES;
				CLANG_WARN_OBJC_LITERAL_CONVERSION = YES;
				CLANG_WARN_OBJC_ROOT_CLASS = YES_ERROR;
				CLANG_WARN_QUOTED_INCLUDE_IN_FRAMEWORK_HEADER = YES;
				CLANG_WARN_RANGE_LOOP_ANALYSIS = YES;
				CLANG_WARN_STRICT_PROTOTYPES = YES;
				CLANG_WARN_SUSPICIOUS_MOVE = YES;
				CLANG_WARN_UNGUARDED_AVAILABILITY = YES_AGGRESSIVE;
				CLANG_WARN_UNREACHABLE_CODE = YES;
				CLANG_WARN__DUPLICATE_METHOD_MATCH = YES;
				COPY_PHASE_STRIP = NO;
				DEBUG_INFORMATION_FORMAT = "dwarf-with-dsym";
				ENABLE_NS_ASSERTIONS = NO;
				ENABLE_STRICT_OBJC_MSGSEND = YES;
				ENABLE_USER_SCRIPT_SANDBOXING = YES;
				GCC_C_LANGUAGE_STANDARD = gnu17;
				GCC_NO_COMMON_BLOCKS = YES;
				GCC_WARN_64_TO_32_BIT_CONVERSION = YES;
				GCC_WARN_ABOUT_RETURN_TYPE = YES_ERROR;
				GCC_WARN_UNDECLARED_SELECTOR = YES;
				GCC_WARN_UNINITIALIZED_AUTOS = YES_AGGRESSIVE;
				GCC_WARN_UNUSED_FUNCTION = YES;
				GCC_WARN_UNUSED_VARIABLE = YES;
				IPHONEOS_DEPLOYMENT_TARGET = 18.2;
				LOCALIZATION_PREFERS_STRING_CATALOGS = YES;
				MTL_ENABLE_DEBUG_INFO = NO;
				MTL_FAST_MATH = YES;
				SDKROOT = iphoneos;
				SWIFT_COMPILATION_MODE = wholemodule;
				VALIDATE_PRODUCT = YES;
			};
			name = Release;
		};
/* End XCBuildConfiguration section */

/* Begin XCConfigurationList section */
		80472F092E0188410098B744 /* Build configuration list for PBXProject "AI-Generator" */ = {
			isa = XCConfigurationList;
			buildConfigurations = (
				80472F242E0188420098B744 /* Debug */,
				80472F252E0188420098B744 /* Release */,
			);
			defaultConfigurationIsVisible = 0;
			defaultConfigurationName = Release;
		};
		80472F212E0188420098B744 /* Build configuration list for PBXNativeTarget "AI-Generator" */ = {
			isa = XCConfigurationList;
			buildConfigurations = (
				80472F222E0188420098B744 /* Debug */,
				80472F232E0188420098B744 /* Release */,
			);
			defaultConfigurationIsVisible = 0;
			defaultConfigurationName = Release;
		};
/* End XCConfigurationList section */

/* Begin XCRemoteSwiftPackageReference section */
		8048A5BE2E0D70B700216B82 /* XCRemoteSwiftPackageReference "RxSwift" */ = {
			isa = XCRemoteSwiftPackageReference;
			repositoryURL = "https://github.com/ReactiveX/RxSwift.git";
			requirement = {
				kind = upToNextMajorVersion;
				minimumVersion = 6.9.0;
			};
		};
		8048A5D92E0D719000216B82 /* XCRemoteSwiftPackageReference "RxDataSources" */ = {
			isa = XCRemoteSwiftPackageReference;
			repositoryURL = "https://github.com/RxSwiftCommunity/RxDataSources.git";
			requirement = {
				kind = upToNextMajorVersion;
				minimumVersion = 5.0.2;
			};
		};
		8048A5E22E0D71F800216B82 /* XCRemoteSwiftPackageReference "GSPlayer" */ = {
			isa = XCRemoteSwiftPackageReference;
			repositoryURL = "https://github.com/wxxsw/GSPlayer.git";
			requirement = {
				kind = upToNextMajorVersion;
				minimumVersion = 0.2.29;
			};
		};
		80694A2E2E04D7A1004D83CF /* XCRemoteSwiftPackageReference "SwiftHelper" */ = {
			isa = XCRemoteSwiftPackageReference;
			repositoryURL = "https://github.com/Vladimir089/SwiftHelper.git";
			requirement = {
				kind = upToNextMajorVersion;
				minimumVersion = 0.1.1;
			};
		};
/* End XCRemoteSwiftPackageReference section */

/* Begin XCSwiftPackageProductDependency section */
		8048A5BF2E0D712800216B82 /* RxBlocking */ = {
			isa = XCSwiftPackageProductDependency;
			package = 8048A5BE2E0D70B700216B82 /* XCRemoteSwiftPackageReference "RxSwift" */;
			productName = RxBlocking;
		};
		8048A5C42E0D712800216B82 /* RxCocoa */ = {
			isa = XCSwiftPackageProductDependency;
			package = 8048A5BE2E0D70B700216B82 /* XCRemoteSwiftPackageReference "RxSwift" */;
			productName = RxCocoa;
		};
		8048A5C92E0D712800216B82 /* RxRelay */ = {
			isa = XCSwiftPackageProductDependency;
			package = 8048A5BE2E0D70B700216B82 /* XCRemoteSwiftPackageReference "RxSwift" */;
			productName = RxRelay;
		};
		8048A5CE2E0D712800216B82 /* RxSwift */ = {
			isa = XCSwiftPackageProductDependency;
			package = 8048A5BE2E0D70B700216B82 /* XCRemoteSwiftPackageReference "RxSwift" */;
			productName = RxSwift;
		};
		8048A5DA2E0D719000216B82 /* Differentiator */ = {
			isa = XCSwiftPackageProductDependency;
			package = 8048A5D92E0D719000216B82 /* XCRemoteSwiftPackageReference "RxDataSources" */;
			productName = Differentiator;
		};
		8048A5DC2E0D719000216B82 /* RxDataSources */ = {
			isa = XCSwiftPackageProductDependency;
			package = 8048A5D92E0D719000216B82 /* XCRemoteSwiftPackageReference "RxDataSources" */;
			productName = RxDataSources;
		};
		8048A5DE2E0D719700216B82 /* Differentiator */ = {
			isa = XCSwiftPackageProductDependency;
			package = 8048A5D92E0D719000216B82 /* XCRemoteSwiftPackageReference "RxDataSources" */;
			productName = Differentiator;
		};
		8048A5E02E0D719700216B82 /* RxDataSources */ = {
			isa = XCSwiftPackageProductDependency;
			package = 8048A5D92E0D719000216B82 /* XCRemoteSwiftPackageReference "RxDataSources" */;
			productName = RxDataSources;
		};
		8048A5E32E0D71F800216B82 /* GSPlayer */ = {
			isa = XCSwiftPackageProductDependency;
			package = 8048A5E22E0D71F800216B82 /* XCRemoteSwiftPackageReference "GSPlayer" */;
			productName = GSPlayer;
		};
		8048A5E52E0D720000216B82 /* GSPlayer */ = {
			isa = XCSwiftPackageProductDependency;
			package = 8048A5E22E0D71F800216B82 /* XCRemoteSwiftPackageReference "GSPlayer" */;
			productName = GSPlayer;
		};
		80694A2F2E04D7A1004D83CF /* SwiftHelper */ = {
			isa = XCSwiftPackageProductDependency;
			package = 80694A2E2E04D7A1004D83CF /* XCRemoteSwiftPackageReference "SwiftHelper" */;
			productName = SwiftHelper;
		};
/* End XCSwiftPackageProductDependency section */
	};
	rootObject = 80472F062E0188410098B744 /* Project object */;
}
